{
  "name": "angular6-global-shim",
  "version": "1.0.1",
  "lockfileVersion": 1,
  "requires": true,
  "dependencies": {
    "regenerator-runtime": {
      "version": "0.13.1",
      "resolved": "https://registry.npmjs.org/regenerator-runtime/-/regenerator-runtime-0.13.1.tgz",
      "integrity": "sha512-5KzMIyPLvfdPmvsdlYsHqITrDfK9k7bmvf97HvHSN4810i254ponbxCQ1NukpRWlu6en2MBWzAlhDExEKISwAA=="
    },
    "typescript": {
      "version": "3.1.6",
      "resolved": "https://registry.npmjs.org/typescript/-/typescript-3.1.6.tgz",
      "integrity": "sha512-tDMYfVtvpb96msS1lDX9MEdHrW4yOuZ4Kdc4Him9oU796XldPYF/t2+uKoX0BBa0hXXwDlqYQbXY5Rzjzc5hBA==",
      "dev": true
    }
  }
}
